// !$*UTF8*$!
{
	archiveVersion = 1;
	classes = {
	};
	objectVersion = 56;
	objects = {

/* Begin PBXBuildFile section */
		3B3BCF9CA79A0C86F3D1EE71 /* libPods-Flickr.a in Frameworks */ = {isa = PBXBuildFile; fileRef = 5BA0DA61B1FBE3CC96E9AE53 /* libPods-Flickr.a */; };
		8E3CE0B22A299587007A3911 /* ActivityView.swift in Sources */ = {isa = PBXBuildFile; fileRef = 8E3CE0B12A299587007A3911 /* ActivityView.swift */; };
		8E3CE0BE2A29B604007A3911 /* FavoritesScenePresenter.swift in Sources */ = {isa = PBXBuildFile; fileRef = 8E3CE0B82A29B604007A3911 /* FavoritesScenePresenter.swift */; };
		8E3CE0BF2A29B604007A3911 /* FavoritesSceneWorker.swift in Sources */ = {isa = PBXBuildFile; fileRef = 8E3CE0B92A29B604007A3911 /* FavoritesSceneWorker.swift */; };
		8E3CE0C02A29B604007A3911 /* FavoritesSceneRouter.swift in Sources */ = {isa = PBXBuildFile; fileRef = 8E3CE0BA2A29B604007A3911 /* FavoritesSceneRouter.swift */; };
		8E3CE0C12A29B604007A3911 /* FavoritesSceneModels.swift in Sources */ = {isa = PBXBuildFile; fileRef = 8E3CE0BB2A29B604007A3911 /* FavoritesSceneModels.swift */; };
		8E3CE0C22A29B604007A3911 /* FavoritesSceneViewController.swift in Sources */ = {isa = PBXBuildFile; fileRef = 8E3CE0BC2A29B604007A3911 /* FavoritesSceneViewController.swift */; };
		8E3CE0C32A29B604007A3911 /* FavoritesSceneInteractor.swift in Sources */ = {isa = PBXBuildFile; fileRef = 8E3CE0BD2A29B604007A3911 /* FavoritesSceneInteractor.swift */; };
		8E8780B12A29045300EBE979 /* DetailScenePresenter.swift in Sources */ = {isa = PBXBuildFile; fileRef = 8E8780AB2A29045300EBE979 /* DetailScenePresenter.swift */; };
		8E8780B22A29045300EBE979 /* DetailSceneWorker.swift in Sources */ = {isa = PBXBuildFile; fileRef = 8E8780AC2A29045300EBE979 /* DetailSceneWorker.swift */; };
		8E8780B32A29045300EBE979 /* DetailSceneRouter.swift in Sources */ = {isa = PBXBuildFile; fileRef = 8E8780AD2A29045300EBE979 /* DetailSceneRouter.swift */; };
		8E8780B42A29045300EBE979 /* DetailSceneModels.swift in Sources */ = {isa = PBXBuildFile; fileRef = 8E8780AE2A29045300EBE979 /* DetailSceneModels.swift */; };
		8E8780B52A29045300EBE979 /* DetailSceneViewController.swift in Sources */ = {isa = PBXBuildFile; fileRef = 8E8780AF2A29045300EBE979 /* DetailSceneViewController.swift */; };
		8E8780B62A29045300EBE979 /* DetailSceneInteractor.swift in Sources */ = {isa = PBXBuildFile; fileRef = 8E8780B02A29045300EBE979 /* DetailSceneInteractor.swift */; };
		8E8780C22A290CB400EBE979 /* MainSceneConfigurator.swift in Sources */ = {isa = PBXBuildFile; fileRef = 8E8780C12A290CB400EBE979 /* MainSceneConfigurator.swift */; };
		8E8780C42A2911D300EBE979 /* UIViewControllerInstantiate.swift in Sources */ = {isa = PBXBuildFile; fileRef = 8E8780C32A2911D300EBE979 /* UIViewControllerInstantiate.swift */; };
		8E8780CC2A29236700EBE979 /* SceneFactory.swift in Sources */ = {isa = PBXBuildFile; fileRef = 8E8780CB2A29236700EBE979 /* SceneFactory.swift */; };
		8E8780CF2A292A2A00EBE979 /* ConfiguratorsLibrary.swift in Sources */ = {isa = PBXBuildFile; fileRef = 8E8780CE2A292A2A00EBE979 /* ConfiguratorsLibrary.swift */; };
		8E8780D12A292B0500EBE979 /* DetailSceneConfigurator.swift in Sources */ = {isa = PBXBuildFile; fileRef = 8E8780D02A292B0500EBE979 /* DetailSceneConfigurator.swift */; };
		8E8780D32A2949FF00EBE979 /* PhotoModel.swift in Sources */ = {isa = PBXBuildFile; fileRef = 8E8780D22A2949FF00EBE979 /* PhotoModel.swift */; };
		8E8780D62A29528F00EBE979 /* AlertController.swift in Sources */ = {isa = PBXBuildFile; fileRef = 8E8780D52A29528F00EBE979 /* AlertController.swift */; };
		8EC024302A285CA70000F56B /* MainSceneWorker.swift in Sources */ = {isa = PBXBuildFile; fileRef = 8EC0242F2A285CA70000F56B /* MainSceneWorker.swift */; };
		8EC024352A285FE10000F56B /* MainScenePresenter.swift in Sources */ = {isa = PBXBuildFile; fileRef = 8EC024312A285FE10000F56B /* MainScenePresenter.swift */; };
		8EC024362A285FE10000F56B /* MainSceneRouter.swift in Sources */ = {isa = PBXBuildFile; fileRef = 8EC024322A285FE10000F56B /* MainSceneRouter.swift */; };
		8EC024372A285FE10000F56B /* MainSceneModels.swift in Sources */ = {isa = PBXBuildFile; fileRef = 8EC024332A285FE10000F56B /* MainSceneModels.swift */; };
		8EC024382A285FE10000F56B /* MainSceneViewController.swift in Sources */ = {isa = PBXBuildFile; fileRef = 8EC024342A285FE10000F56B /* MainSceneViewController.swift */; };
		8EC0243D2A28E4640000F56B /* UIViewConstraintExtension.swift in Sources */ = {isa = PBXBuildFile; fileRef = 8EC0243C2A28E4640000F56B /* UIViewConstraintExtension.swift */; };
		8ECDF8EB2A2643EC002DBF12 /* AppDelegate.swift in Sources */ = {isa = PBXBuildFile; fileRef = 8ECDF8EA2A2643EC002DBF12 /* AppDelegate.swift */; };
		8ECDF8ED2A2643EC002DBF12 /* SceneDelegate.swift in Sources */ = {isa = PBXBuildFile; fileRef = 8ECDF8EC2A2643EC002DBF12 /* SceneDelegate.swift */; };
		8ECDF8F22A2643EC002DBF12 /* Main.storyboard in Resources */ = {isa = PBXBuildFile; fileRef = 8ECDF8F02A2643EC002DBF12 /* Main.storyboard */; };
		8ECDF8F42A2643EE002DBF12 /* Assets.xcassets in Resources */ = {isa = PBXBuildFile; fileRef = 8ECDF8F32A2643EE002DBF12 /* Assets.xcassets */; };
		8ECDF8F72A2643EE002DBF12 /* LaunchScreen.storyboard in Resources */ = {isa = PBXBuildFile; fileRef = 8ECDF8F52A2643EE002DBF12 /* LaunchScreen.storyboard */; };
		8ECDF8FF2A2667AC002DBF12 /* PhotosCollectionViewItem.swift in Sources */ = {isa = PBXBuildFile; fileRef = 8ECDF8FE2A2667AC002DBF12 /* PhotosCollectionViewItem.swift */; };
		8ECDF9012A26681E002DBF12 /* PhotoNetworkModel.swift in Sources */ = {isa = PBXBuildFile; fileRef = 8ECDF9002A26681E002DBF12 /* PhotoNetworkModel.swift */; };
		8ECDF9042A268323002DBF12 /* MainSceneInteractor.swift in Sources */ = {isa = PBXBuildFile; fileRef = 8ECDF9032A268323002DBF12 /* MainSceneInteractor.swift */; };
		8ECDF9072A2683D4002DBF12 /* NetworkService.swift in Sources */ = {isa = PBXBuildFile; fileRef = 8ECDF9062A2683D4002DBF12 /* NetworkService.swift */; };
		8ECDF90E2A2685A4002DBF12 /* PhotoCollectionViewController.swift in Sources */ = {isa = PBXBuildFile; fileRef = 8ECDF90D2A2685A4002DBF12 /* PhotoCollectionViewController.swift */; };
		8ECDF9152A269A26002DBF12 /* Constants.swift in Sources */ = {isa = PBXBuildFile; fileRef = 8ECDF9142A269A26002DBF12 /* Constants.swift */; };
/* End PBXBuildFile section */

/* Begin PBXFileReference section */
		5BA0DA61B1FBE3CC96E9AE53 /* libPods-Flickr.a */ = {isa = PBXFileReference; explicitFileType = archive.ar; includeInIndex = 0; path = "libPods-Flickr.a"; sourceTree = BUILT_PRODUCTS_DIR; };
		77B9ADF893EA70A92D963ECD /* Pods-Flickr.debug.xcconfig */ = {isa = PBXFileReference; includeInIndex = 1; lastKnownFileType = text.xcconfig; name = "Pods-Flickr.debug.xcconfig"; path = "Target Support Files/Pods-Flickr/Pods-Flickr.debug.xcconfig"; sourceTree = "<group>"; };
		8E3CE0B12A299587007A3911 /* ActivityView.swift */ = {isa = PBXFileReference; lastKnownFileType = sourcecode.swift; path = ActivityView.swift; sourceTree = "<group>"; };
		8E3CE0B82A29B604007A3911 /* FavoritesScenePresenter.swift */ = {isa = PBXFileReference; lastKnownFileType = sourcecode.swift; path = FavoritesScenePresenter.swift; sourceTree = "<group>"; };
		8E3CE0B92A29B604007A3911 /* FavoritesSceneWorker.swift */ = {isa = PBXFileReference; lastKnownFileType = sourcecode.swift; path = FavoritesSceneWorker.swift; sourceTree = "<group>"; };
		8E3CE0BA2A29B604007A3911 /* FavoritesSceneRouter.swift */ = {isa = PBXFileReference; lastKnownFileType = sourcecode.swift; path = FavoritesSceneRouter.swift; sourceTree = "<group>"; };
		8E3CE0BB2A29B604007A3911 /* FavoritesSceneModels.swift */ = {isa = PBXFileReference; lastKnownFileType = sourcecode.swift; path = FavoritesSceneModels.swift; sourceTree = "<group>"; };
		8E3CE0BC2A29B604007A3911 /* FavoritesSceneViewController.swift */ = {isa = PBXFileReference; lastKnownFileType = sourcecode.swift; path = FavoritesSceneViewController.swift; sourceTree = "<group>"; };
		8E3CE0BD2A29B604007A3911 /* FavoritesSceneInteractor.swift */ = {isa = PBXFileReference; lastKnownFileType = sourcecode.swift; path = FavoritesSceneInteractor.swift; sourceTree = "<group>"; };
		8E8780AB2A29045300EBE979 /* DetailScenePresenter.swift */ = {isa = PBXFileReference; lastKnownFileType = sourcecode.swift; path = DetailScenePresenter.swift; sourceTree = "<group>"; };
		8E8780AC2A29045300EBE979 /* DetailSceneWorker.swift */ = {isa = PBXFileReference; lastKnownFileType = sourcecode.swift; path = DetailSceneWorker.swift; sourceTree = "<group>"; };
		8E8780AD2A29045300EBE979 /* DetailSceneRouter.swift */ = {isa = PBXFileReference; lastKnownFileType = sourcecode.swift; path = DetailSceneRouter.swift; sourceTree = "<group>"; };
		8E8780AE2A29045300EBE979 /* DetailSceneModels.swift */ = {isa = PBXFileReference; lastKnownFileType = sourcecode.swift; path = DetailSceneModels.swift; sourceTree = "<group>"; };
		8E8780AF2A29045300EBE979 /* DetailSceneViewController.swift */ = {isa = PBXFileReference; lastKnownFileType = sourcecode.swift; path = DetailSceneViewController.swift; sourceTree = "<group>"; };
		8E8780B02A29045300EBE979 /* DetailSceneInteractor.swift */ = {isa = PBXFileReference; lastKnownFileType = sourcecode.swift; path = DetailSceneInteractor.swift; sourceTree = "<group>"; };
		8E8780C12A290CB400EBE979 /* MainSceneConfigurator.swift */ = {isa = PBXFileReference; lastKnownFileType = sourcecode.swift; path = MainSceneConfigurator.swift; sourceTree = "<group>"; };
		8E8780C32A2911D300EBE979 /* UIViewControllerInstantiate.swift */ = {isa = PBXFileReference; lastKnownFileType = sourcecode.swift; path = UIViewControllerInstantiate.swift; sourceTree = "<group>"; };
		8E8780CB2A29236700EBE979 /* SceneFactory.swift */ = {isa = PBXFileReference; lastKnownFileType = sourcecode.swift; path = SceneFactory.swift; sourceTree = "<group>"; };
		8E8780CE2A292A2A00EBE979 /* ConfiguratorsLibrary.swift */ = {isa = PBXFileReference; lastKnownFileType = sourcecode.swift; path = ConfiguratorsLibrary.swift; sourceTree = "<group>"; };
		8E8780D02A292B0500EBE979 /* DetailSceneConfigurator.swift */ = {isa = PBXFileReference; lastKnownFileType = sourcecode.swift; path = DetailSceneConfigurator.swift; sourceTree = "<group>"; };
		8E8780D22A2949FF00EBE979 /* PhotoModel.swift */ = {isa = PBXFileReference; lastKnownFileType = sourcecode.swift; path = PhotoModel.swift; sourceTree = "<group>"; };
		8E8780D52A29528F00EBE979 /* AlertController.swift */ = {isa = PBXFileReference; lastKnownFileType = sourcecode.swift; path = AlertController.swift; sourceTree = "<group>"; };
		8EC0242F2A285CA70000F56B /* MainSceneWorker.swift */ = {isa = PBXFileReference; lastKnownFileType = sourcecode.swift; path = MainSceneWorker.swift; sourceTree = "<group>"; };
		8EC024312A285FE10000F56B /* MainScenePresenter.swift */ = {isa = PBXFileReference; lastKnownFileType = sourcecode.swift; path = MainScenePresenter.swift; sourceTree = "<group>"; };
		8EC024322A285FE10000F56B /* MainSceneRouter.swift */ = {isa = PBXFileReference; lastKnownFileType = sourcecode.swift; path = MainSceneRouter.swift; sourceTree = "<group>"; };
		8EC024332A285FE10000F56B /* MainSceneModels.swift */ = {isa = PBXFileReference; lastKnownFileType = sourcecode.swift; path = MainSceneModels.swift; sourceTree = "<group>"; };
		8EC024342A285FE10000F56B /* MainSceneViewController.swift */ = {isa = PBXFileReference; lastKnownFileType = sourcecode.swift; path = MainSceneViewController.swift; sourceTree = "<group>"; };
		8EC0243C2A28E4640000F56B /* UIViewConstraintExtension.swift */ = {isa = PBXFileReference; lastKnownFileType = sourcecode.swift; path = UIViewConstraintExtension.swift; sourceTree = "<group>"; };
		8ECDF8E72A2643EC002DBF12 /* Flickr.app */ = {isa = PBXFileReference; explicitFileType = wrapper.application; includeInIndex = 0; path = Flickr.app; sourceTree = BUILT_PRODUCTS_DIR; };
		8ECDF8EA2A2643EC002DBF12 /* AppDelegate.swift */ = {isa = PBXFileReference; lastKnownFileType = sourcecode.swift; path = AppDelegate.swift; sourceTree = "<group>"; };
		8ECDF8EC2A2643EC002DBF12 /* SceneDelegate.swift */ = {isa = PBXFileReference; lastKnownFileType = sourcecode.swift; path = SceneDelegate.swift; sourceTree = "<group>"; };
		8ECDF8F12A2643EC002DBF12 /* Base */ = {isa = PBXFileReference; lastKnownFileType = file.storyboard; name = Base; path = Base.lproj/Main.storyboard; sourceTree = "<group>"; };
		8ECDF8F32A2643EE002DBF12 /* Assets.xcassets */ = {isa = PBXFileReference; lastKnownFileType = folder.assetcatalog; path = Assets.xcassets; sourceTree = "<group>"; };
		8ECDF8F62A2643EE002DBF12 /* Base */ = {isa = PBXFileReference; lastKnownFileType = file.storyboard; name = Base; path = Base.lproj/LaunchScreen.storyboard; sourceTree = "<group>"; };
		8ECDF8F82A2643EE002DBF12 /* Info.plist */ = {isa = PBXFileReference; lastKnownFileType = text.plist.xml; path = Info.plist; sourceTree = "<group>"; };
		8ECDF8FE2A2667AC002DBF12 /* PhotosCollectionViewItem.swift */ = {isa = PBXFileReference; lastKnownFileType = sourcecode.swift; path = PhotosCollectionViewItem.swift; sourceTree = "<group>"; };
		8ECDF9002A26681E002DBF12 /* PhotoNetworkModel.swift */ = {isa = PBXFileReference; lastKnownFileType = sourcecode.swift; path = PhotoNetworkModel.swift; sourceTree = "<group>"; };
		8ECDF9032A268323002DBF12 /* MainSceneInteractor.swift */ = {isa = PBXFileReference; lastKnownFileType = sourcecode.swift; path = MainSceneInteractor.swift; sourceTree = "<group>"; };
		8ECDF9062A2683D4002DBF12 /* NetworkService.swift */ = {isa = PBXFileReference; lastKnownFileType = sourcecode.swift; path = NetworkService.swift; sourceTree = "<group>"; };
		8ECDF90D2A2685A4002DBF12 /* PhotoCollectionViewController.swift */ = {isa = PBXFileReference; lastKnownFileType = sourcecode.swift; path = PhotoCollectionViewController.swift; sourceTree = "<group>"; };
		8ECDF9142A269A26002DBF12 /* Constants.swift */ = {isa = PBXFileReference; lastKnownFileType = sourcecode.swift; path = Constants.swift; sourceTree = "<group>"; };
		E68D6ADA318433C2B037A4C8 /* Pods-Flickr.release.xcconfig */ = {isa = PBXFileReference; includeInIndex = 1; lastKnownFileType = text.xcconfig; name = "Pods-Flickr.release.xcconfig"; path = "Target Support Files/Pods-Flickr/Pods-Flickr.release.xcconfig"; sourceTree = "<group>"; };
/* End PBXFileReference section */

/* Begin PBXFrameworksBuildPhase section */
		8ECDF8E42A2643EC002DBF12 /* Frameworks */ = {
			isa = PBXFrameworksBuildPhase;
			buildActionMask = 2147483647;
			files = (
				3B3BCF9CA79A0C86F3D1EE71 /* libPods-Flickr.a in Frameworks */,
			);
			runOnlyForDeploymentPostprocessing = 0;
		};
/* End PBXFrameworksBuildPhase section */

/* Begin PBXGroup section */
		8E3CE0B32A29958B007A3911 /* ActivityView */ = {
			isa = PBXGroup;
			children = (
				8E3CE0B12A299587007A3911 /* ActivityView.swift */,
			);
			path = ActivityView;
			sourceTree = "<group>";
		};
		8E3CE0B72A29B59F007A3911 /* FavoritesScene */ = {
			isa = PBXGroup;
			children = (
				8E3CE0B82A29B604007A3911 /* FavoritesScenePresenter.swift */,
				8E3CE0B92A29B604007A3911 /* FavoritesSceneWorker.swift */,
				8E3CE0BA2A29B604007A3911 /* FavoritesSceneRouter.swift */,
				8E3CE0BB2A29B604007A3911 /* FavoritesSceneModels.swift */,
				8E3CE0BC2A29B604007A3911 /* FavoritesSceneViewController.swift */,
				8E3CE0BD2A29B604007A3911 /* FavoritesSceneInteractor.swift */,
			);
			path = FavoritesScene;
			sourceTree = "<group>";
		};
		8E8780A92A28E81F00EBE979 /* Network */ = {
			isa = PBXGroup;
			children = (
				8ECDF9062A2683D4002DBF12 /* NetworkService.swift */,
			);
			path = Network;
			sourceTree = "<group>";
		};
		8E8780AA2A29042500EBE979 /* DetailScene */ = {
			isa = PBXGroup;
			children = (
				8E8780AF2A29045300EBE979 /* DetailSceneViewController.swift */,
				8E8780AB2A29045300EBE979 /* DetailScenePresenter.swift */,
				8E8780D02A292B0500EBE979 /* DetailSceneConfigurator.swift */,
				8E8780AC2A29045300EBE979 /* DetailSceneWorker.swift */,
				8E8780AD2A29045300EBE979 /* DetailSceneRouter.swift */,
				8E8780AE2A29045300EBE979 /* DetailSceneModels.swift */,
				8E8780B02A29045300EBE979 /* DetailSceneInteractor.swift */,
			);
			path = DetailScene;
			sourceTree = "<group>";
		};
		8E8780CD2A2929F200EBE979 /* Factory */ = {
			isa = PBXGroup;
			children = (
				8E8780CB2A29236700EBE979 /* SceneFactory.swift */,
				8E8780CE2A292A2A00EBE979 /* ConfiguratorsLibrary.swift */,
			);
			path = Factory;
			sourceTree = "<group>";
		};
		8E8780D42A29527000EBE979 /* AlertViewController */ = {
			isa = PBXGroup;
			children = (
				8E8780D52A29528F00EBE979 /* AlertController.swift */,
			);
			path = AlertViewController;
			sourceTree = "<group>";
		};
		8EC0242C2A2859060000F56B /* Scenes */ = {
			isa = PBXGroup;
			children = (
				8EC0242D2A2859150000F56B /* MainScene */,
				8E8780AA2A29042500EBE979 /* DetailScene */,
				8E3CE0B72A29B59F007A3911 /* FavoritesScene */,
			);
			path = Scenes;
			sourceTree = "<group>";
		};
		8EC0242D2A2859150000F56B /* MainScene */ = {
			isa = PBXGroup;
			children = (
				8EC024342A285FE10000F56B /* MainSceneViewController.swift */,
				8E8780C12A290CB400EBE979 /* MainSceneConfigurator.swift */,
				8EC0242F2A285CA70000F56B /* MainSceneWorker.swift */,
				8ECDF9032A268323002DBF12 /* MainSceneInteractor.swift */,
				8EC024312A285FE10000F56B /* MainScenePresenter.swift */,
				8EC024322A285FE10000F56B /* MainSceneRouter.swift */,
				8EC024332A285FE10000F56B /* MainSceneModels.swift */,
			);
			path = MainScene;
			sourceTree = "<group>";
		};
		8EC024392A28D98F0000F56B /* UIComponents */ = {
			isa = PBXGroup;
			children = (
				8E8780D42A29527000EBE979 /* AlertViewController */,
				8ECDF9102A268683002DBF12 /* PhotoCollectionViewController */,
				8E3CE0B32A29958B007A3911 /* ActivityView */,
			);
			path = UIComponents;
			sourceTree = "<group>";
		};
		8ECDF8DE2A2643EC002DBF12 = {
			isa = PBXGroup;
			children = (
				8ECDF8E92A2643EC002DBF12 /* Flickr */,
				8ECDF8E82A2643EC002DBF12 /* Products */,
				D14A3B246B6196C58434D126 /* Pods */,
				D0BE03D56DC88AF2CC2CA0A6 /* Frameworks */,
			);
			sourceTree = "<group>";
		};
		8ECDF8E82A2643EC002DBF12 /* Products */ = {
			isa = PBXGroup;
			children = (
				8ECDF8E72A2643EC002DBF12 /* Flickr.app */,
			);
			name = Products;
			sourceTree = "<group>";
		};
		8ECDF8E92A2643EC002DBF12 /* Flickr */ = {
			isa = PBXGroup;
			children = (
				8ECDF9082A268449002DBF12 /* App */,
				8E8780CD2A2929F200EBE979 /* Factory */,
				8EC0242C2A2859060000F56B /* Scenes */,
				8ECDF9052A2683C5002DBF12 /* Services */,
				8ECDF90F2A268666002DBF12 /* Models */,
				8EC024392A28D98F0000F56B /* UIComponents */,
				8ECDF9132A2699E4002DBF12 /* Extensions */,
				8ECDF8F02A2643EC002DBF12 /* Main.storyboard */,
				8ECDF8F32A2643EE002DBF12 /* Assets.xcassets */,
				8ECDF8F52A2643EE002DBF12 /* LaunchScreen.storyboard */,
				8ECDF8F82A2643EE002DBF12 /* Info.plist */,
			);
			path = Flickr;
			sourceTree = "<group>";
		};
		8ECDF9052A2683C5002DBF12 /* Services */ = {
			isa = PBXGroup;
			children = (
				8E8780A92A28E81F00EBE979 /* Network */,
			);
			path = Services;
			sourceTree = "<group>";
		};
		8ECDF9082A268449002DBF12 /* App */ = {
			isa = PBXGroup;
			children = (
				8ECDF8EA2A2643EC002DBF12 /* AppDelegate.swift */,
				8ECDF8EC2A2643EC002DBF12 /* SceneDelegate.swift */,
			);
			path = App;
			sourceTree = "<group>";
		};
		8ECDF90F2A268666002DBF12 /* Models */ = {
			isa = PBXGroup;
			children = (
				8ECDF9002A26681E002DBF12 /* PhotoNetworkModel.swift */,
				8E8780D22A2949FF00EBE979 /* PhotoModel.swift */,
			);
			path = Models;
			sourceTree = "<group>";
		};
		8ECDF9102A268683002DBF12 /* PhotoCollectionViewController */ = {
			isa = PBXGroup;
			children = (
				8ECDF90D2A2685A4002DBF12 /* PhotoCollectionViewController.swift */,
				8ECDF8FE2A2667AC002DBF12 /* PhotosCollectionViewItem.swift */,
			);
			path = PhotoCollectionViewController;
			sourceTree = "<group>";
		};
		8ECDF9132A2699E4002DBF12 /* Extensions */ = {
			isa = PBXGroup;
			children = (
				8ECDF9142A269A26002DBF12 /* Constants.swift */,
				8EC0243C2A28E4640000F56B /* UIViewConstraintExtension.swift */,
				8E8780C32A2911D300EBE979 /* UIViewControllerInstantiate.swift */,
			);
			path = Extensions;
			sourceTree = "<group>";
		};
		D0BE03D56DC88AF2CC2CA0A6 /* Frameworks */ = {
			isa = PBXGroup;
			children = (
				5BA0DA61B1FBE3CC96E9AE53 /* libPods-Flickr.a */,
			);
			name = Frameworks;
			sourceTree = "<group>";
		};
		D14A3B246B6196C58434D126 /* Pods */ = {
			isa = PBXGroup;
			children = (
				77B9ADF893EA70A92D963ECD /* Pods-Flickr.debug.xcconfig */,
				E68D6ADA318433C2B037A4C8 /* Pods-Flickr.release.xcconfig */,
			);
			path = Pods;
			sourceTree = "<group>";
		};
/* End PBXGroup section */

/* Begin PBXNativeTarget section */
		8ECDF8E62A2643EC002DBF12 /* Flickr */ = {
			isa = PBXNativeTarget;
			buildConfigurationList = 8ECDF8FB2A2643EE002DBF12 /* Build configuration list for PBXNativeTarget "Flickr" */;
			buildPhases = (
				C8B24525AA40B3104C5C1DFF /* [CP] Check Pods Manifest.lock */,
				8ECDF8E32A2643EC002DBF12 /* Sources */,
				8ECDF8E42A2643EC002DBF12 /* Frameworks */,
				8ECDF8E52A2643EC002DBF12 /* Resources */,
				8EC0242B2A2855740000F56B /* ShellScript */,
			);
			buildRules = (
			);
			dependencies = (
			);
			name = Flickr;
			productName = Flickr;
			productReference = 8ECDF8E72A2643EC002DBF12 /* Flickr.app */;
			productType = "com.apple.product-type.application";
		};
/* End PBXNativeTarget section */

/* Begin PBXProject section */
		8ECDF8DF2A2643EC002DBF12 /* Project object */ = {
			isa = PBXProject;
			attributes = {
				BuildIndependentTargetsInParallel = 1;
				LastSwiftUpdateCheck = 1420;
				LastUpgradeCheck = 1420;
				TargetAttributes = {
					8ECDF8E62A2643EC002DBF12 = {
						CreatedOnToolsVersion = 14.2;
					};
				};
			};
			buildConfigurationList = 8ECDF8E22A2643EC002DBF12 /* Build configuration list for PBXProject "Flickr" */;
			compatibilityVersion = "Xcode 14.0";
			developmentRegion = en;
			hasScannedForEncodings = 0;
			knownRegions = (
				en,
				Base,
			);
			mainGroup = 8ECDF8DE2A2643EC002DBF12;
			productRefGroup = 8ECDF8E82A2643EC002DBF12 /* Products */;
			projectDirPath = "";
			projectRoot = "";
			targets = (
				8ECDF8E62A2643EC002DBF12 /* Flickr */,
			);
		};
/* End PBXProject section */

/* Begin PBXResourcesBuildPhase section */
		8ECDF8E52A2643EC002DBF12 /* Resources */ = {
			isa = PBXResourcesBuildPhase;
			buildActionMask = 2147483647;
			files = (
				8ECDF8F72A2643EE002DBF12 /* LaunchScreen.storyboard in Resources */,
				8ECDF8F42A2643EE002DBF12 /* Assets.xcassets in Resources */,
				8ECDF8F22A2643EC002DBF12 /* Main.storyboard in Resources */,
			);
			runOnlyForDeploymentPostprocessing = 0;
		};
/* End PBXResourcesBuildPhase section */

/* Begin PBXShellScriptBuildPhase section */
		8EC0242B2A2855740000F56B /* ShellScript */ = {
			isa = PBXShellScriptBuildPhase;
			buildActionMask = 2147483647;
			files = (
			);
			inputFileListPaths = (
			);
			inputPaths = (
			);
			outputFileListPaths = (
			);
			outputPaths = (
			);
			runOnlyForDeploymentPostprocessing = 0;
			shellPath = /bin/sh;
			shellScript = "\"${PODS_ROOT}/SwiftLint/swiftlint\" lint --strict\n";
		};
		C8B24525AA40B3104C5C1DFF /* [CP] Check Pods Manifest.lock */ = {
			isa = PBXShellScriptBuildPhase;
			buildActionMask = 2147483647;
			files = (
			);
			inputFileListPaths = (
			);
			inputPaths = (
				"${PODS_PODFILE_DIR_PATH}/Podfile.lock",
				"${PODS_ROOT}/Manifest.lock",
			);
			name = "[CP] Check Pods Manifest.lock";
			outputFileListPaths = (
			);
			outputPaths = (
				"$(DERIVED_FILE_DIR)/Pods-Flickr-checkManifestLockResult.txt",
			);
			runOnlyForDeploymentPostprocessing = 0;
			shellPath = /bin/sh;
			shellScript = "diff \"${PODS_PODFILE_DIR_PATH}/Podfile.lock\" \"${PODS_ROOT}/Manifest.lock\" > /dev/null\nif [ $? != 0 ] ; then\n    # print error to STDERR\n    echo \"error: The sandbox is not in sync with the Podfile.lock. Run 'pod install' or update your CocoaPods installation.\" >&2\n    exit 1\nfi\n# This output is used by Xcode 'outputs' to avoid re-running this script phase.\necho \"SUCCESS\" > \"${SCRIPT_OUTPUT_FILE_0}\"\n";
			showEnvVarsInLog = 0;
		};
/* End PBXShellScriptBuildPhase section */

/* Begin PBXSourcesBuildPhase section */
		8ECDF8E32A2643EC002DBF12 /* Sources */ = {
			isa = PBXSourcesBuildPhase;
			buildActionMask = 2147483647;
			files = (
				8EC0243D2A28E4640000F56B /* UIViewConstraintExtension.swift in Sources */,
				8EC024362A285FE10000F56B /* MainSceneRouter.swift in Sources */,
				8E8780B52A29045300EBE979 /* DetailSceneViewController.swift in Sources */,
				8ECDF9072A2683D4002DBF12 /* NetworkService.swift in Sources */,
				8E8780C22A290CB400EBE979 /* MainSceneConfigurator.swift in Sources */,
				8ECDF9042A268323002DBF12 /* MainSceneInteractor.swift in Sources */,
				8EC024372A285FE10000F56B /* MainSceneModels.swift in Sources */,
				8E8780C42A2911D300EBE979 /* UIViewControllerInstantiate.swift in Sources */,
				8E3CE0C22A29B604007A3911 /* FavoritesSceneViewController.swift in Sources */,
				8ECDF8FF2A2667AC002DBF12 /* PhotosCollectionViewItem.swift in Sources */,
				8EC024352A285FE10000F56B /* MainScenePresenter.swift in Sources */,
				8E3CE0C32A29B604007A3911 /* FavoritesSceneInteractor.swift in Sources */,
				8ECDF90E2A2685A4002DBF12 /* PhotoCollectionViewController.swift in Sources */,
				8ECDF9152A269A26002DBF12 /* Constants.swift in Sources */,
				8EC024382A285FE10000F56B /* MainSceneViewController.swift in Sources */,
				8ECDF8EB2A2643EC002DBF12 /* AppDelegate.swift in Sources */,
				8E8780B32A29045300EBE979 /* DetailSceneRouter.swift in Sources */,
				8E3CE0BE2A29B604007A3911 /* FavoritesScenePresenter.swift in Sources */,
				8E8780B42A29045300EBE979 /* DetailSceneModels.swift in Sources */,
				8E8780B22A29045300EBE979 /* DetailSceneWorker.swift in Sources */,
				8ECDF9012A26681E002DBF12 /* PhotoNetworkModel.swift in Sources */,
				8EC024302A285CA70000F56B /* MainSceneWorker.swift in Sources */,
				8E8780CC2A29236700EBE979 /* SceneFactory.swift in Sources */,
				8E8780D12A292B0500EBE979 /* DetailSceneConfigurator.swift in Sources */,
				8E8780CF2A292A2A00EBE979 /* ConfiguratorsLibrary.swift in Sources */,
				8E8780D62A29528F00EBE979 /* AlertController.swift in Sources */,
				8E3CE0BF2A29B604007A3911 /* FavoritesSceneWorker.swift in Sources */,
				8E8780B12A29045300EBE979 /* DetailScenePresenter.swift in Sources */,
				8E3CE0C12A29B604007A3911 /* FavoritesSceneModels.swift in Sources */,
				8ECDF8ED2A2643EC002DBF12 /* SceneDelegate.swift in Sources */,
				8E3CE0B22A299587007A3911 /* ActivityView.swift in Sources */,
				8E8780D32A2949FF00EBE979 /* PhotoModel.swift in Sources */,
				8E3CE0C02A29B604007A3911 /* FavoritesSceneRouter.swift in Sources */,
				8E8780B62A29045300EBE979 /* DetailSceneInteractor.swift in Sources */,
			);
			runOnlyForDeploymentPostprocessing = 0;
		};
/* End PBXSourcesBuildPhase section */

/* Begin PBXVariantGroup section */
		8ECDF8F02A2643EC002DBF12 /* Main.storyboard */ = {
			isa = PBXVariantGroup;
			children = (
				8ECDF8F12A2643EC002DBF12 /* Base */,
			);
			name = Main.storyboard;
			sourceTree = "<group>";
		};
		8ECDF8F52A2643EE002DBF12 /* LaunchScreen.storyboard */ = {
			isa = PBXVariantGroup;
			children = (
				8ECDF8F62A2643EE002DBF12 /* Base */,
			);
			name = LaunchScreen.storyboard;
			sourceTree = "<group>";
		};
/* End PBXVariantGroup section */

/* Begin XCBuildConfiguration section */
		8ECDF8F92A2643EE002DBF12 /* Debug */ = {
			isa = XCBuildConfiguration;
			buildSettings = {
				ALWAYS_SEARCH_USER_PATHS = NO;
				CLANG_ANALYZER_NONNULL = YES;
				CLANG_ANALYZER_NUMBER_OBJECT_CONVERSION = YES_AGGRESSIVE;
				CLANG_CXX_LANGUAGE_STANDARD = "gnu++20";
				CLANG_ENABLE_MODULES = YES;
				CLANG_ENABLE_OBJC_ARC = YES;
				CLANG_ENABLE_OBJC_WEAK = YES;
				CLANG_WARN_BLOCK_CAPTURE_AUTORELEASING = YES;
				CLANG_WARN_BOOL_CONVERSION = YES;
				CLANG_WARN_COMMA = YES;
				CLANG_WARN_CONSTANT_CONVERSION = YES;
				CLANG_WARN_DEPRECATED_OBJC_IMPLEMENTATIONS = YES;
				CLANG_WARN_DIRECT_OBJC_ISA_USAGE = YES_ERROR;
				CLANG_WARN_DOCUMENTATION_COMMENTS = YES;
				CLANG_WARN_EMPTY_BODY = YES;
				CLANG_WARN_ENUM_CONVERSION = YES;
				CLANG_WARN_INFINITE_RECURSION = YES;
				CLANG_WARN_INT_CONVERSION = YES;
				CLANG_WARN_NON_LITERAL_NULL_CONVERSION = YES;
				CLANG_WARN_OBJC_IMPLICIT_RETAIN_SELF = YES;
				CLANG_WARN_OBJC_LITERAL_CONVERSION = YES;
				CLANG_WARN_OBJC_ROOT_CLASS = YES_ERROR;
				CLANG_WARN_QUOTED_INCLUDE_IN_FRAMEWORK_HEADER = YES;
				CLANG_WARN_RANGE_LOOP_ANALYSIS = YES;
				CLANG_WARN_STRICT_PROTOTYPES = YES;
				CLANG_WARN_SUSPICIOUS_MOVE = YES;
				CLANG_WARN_UNGUARDED_AVAILABILITY = YES_AGGRESSIVE;
				CLANG_WARN_UNREACHABLE_CODE = YES;
				CLANG_WARN__DUPLICATE_METHOD_MATCH = YES;
				COPY_PHASE_STRIP = NO;
				DEBUG_INFORMATION_FORMAT = dwarf;
				ENABLE_STRICT_OBJC_MSGSEND = YES;
				ENABLE_TESTABILITY = YES;
				GCC_C_LANGUAGE_STANDARD = gnu11;
				GCC_DYNAMIC_NO_PIC = NO;
				GCC_NO_COMMON_BLOCKS = YES;
				GCC_OPTIMIZATION_LEVEL = 0;
				GCC_PREPROCESSOR_DEFINITIONS = (
					"DEBUG=1",
					"$(inherited)",
				);
				GCC_WARN_64_TO_32_BIT_CONVERSION = YES;
				GCC_WARN_ABOUT_RETURN_TYPE = YES_ERROR;
				GCC_WARN_UNDECLARED_SELECTOR = YES;
				GCC_WARN_UNINITIALIZED_AUTOS = YES_AGGRESSIVE;
				GCC_WARN_UNUSED_FUNCTION = YES;
				GCC_WARN_UNUSED_VARIABLE = YES;
				IPHONEOS_DEPLOYMENT_TARGET = 16.2;
				MTL_ENABLE_DEBUG_INFO = INCLUDE_SOURCE;
				MTL_FAST_MATH = YES;
				ONLY_ACTIVE_ARCH = YES;
				SDKROOT = iphoneos;
				SWIFT_ACTIVE_COMPILATION_CONDITIONS = DEBUG;
				SWIFT_OPTIMIZATION_LEVEL = "-Onone";
			};
			name = Debug;
		};
		8ECDF8FA2A2643EE002DBF12 /* Release */ = {
			isa = XCBuildConfiguration;
			buildSettings = {
				ALWAYS_SEARCH_USER_PATHS = NO;
				CLANG_ANALYZER_NONNULL = YES;
				CLANG_ANALYZER_NUMBER_OBJECT_CONVERSION = YES_AGGRESSIVE;
				CLANG_CXX_LANGUAGE_STANDARD = "gnu++20";
				CLANG_ENABLE_MODULES = YES;
				CLANG_ENABLE_OBJC_ARC = YES;
				CLANG_ENABLE_OBJC_WEAK = YES;
				CLANG_WARN_BLOCK_CAPTURE_AUTORELEASING = YES;
				CLANG_WARN_BOOL_CONVERSION = YES;
				CLANG_WARN_COMMA = YES;
				CLANG_WARN_CONSTANT_CONVERSION = YES;
				CLANG_WARN_DEPRECATED_OBJC_IMPLEMENTATIONS = YES;
				CLANG_WARN_DIRECT_OBJC_ISA_USAGE = YES_ERROR;
				CLANG_WARN_DOCUMENTATION_COMMENTS = YES;
				CLANG_WARN_EMPTY_BODY = YES;
				CLANG_WARN_ENUM_CONVERSION = YES;
				CLANG_WARN_INFINITE_RECURSION = YES;
				CLANG_WARN_INT_CONVERSION = YES;
				CLANG_WARN_NON_LITERAL_NULL_CONVERSION = YES;
				CLANG_WARN_OBJC_IMPLICIT_RETAIN_SELF = YES;
				CLANG_WARN_OBJC_LITERAL_CONVERSION = YES;
				CLANG_WARN_OBJC_ROOT_CLASS = YES_ERROR;
				CLANG_WARN_QUOTED_INCLUDE_IN_FRAMEWORK_HEADER = YES;
				CLANG_WARN_RANGE_LOOP_ANALYSIS = YES;
				CLANG_WARN_STRICT_PROTOTYPES = YES;
				CLANG_WARN_SUSPICIOUS_MOVE = YES;
				CLANG_WARN_UNGUARDED_AVAILABILITY = YES_AGGRESSIVE;
				CLANG_WARN_UNREACHABLE_CODE = YES;
				CLANG_WARN__DUPLICATE_METHOD_MATCH = YES;
				COPY_PHASE_STRIP = NO;
				DEBUG_INFORMATION_FORMAT = "dwarf-with-dsym";
				ENABLE_NS_ASSERTIONS = NO;
				ENABLE_STRICT_OBJC_MSGSEND = YES;
				GCC_C_LANGUAGE_STANDARD = gnu11;
				GCC_NO_COMMON_BLOCKS = YES;
				GCC_WARN_64_TO_32_BIT_CONVERSION = YES;
				GCC_WARN_ABOUT_RETURN_TYPE = YES_ERROR;
				GCC_WARN_UNDECLARED_SELECTOR = YES;
				GCC_WARN_UNINITIALIZED_AUTOS = YES_AGGRESSIVE;
				GCC_WARN_UNUSED_FUNCTION = YES;
				GCC_WARN_UNUSED_VARIABLE = YES;
				IPHONEOS_DEPLOYMENT_TARGET = 16.2;
				MTL_ENABLE_DEBUG_INFO = NO;
				MTL_FAST_MATH = YES;
				SDKROOT = iphoneos;
				SWIFT_COMPILATION_MODE = wholemodule;
				SWIFT_OPTIMIZATION_LEVEL = "-O";
				VALIDATE_PRODUCT = YES;
			};
			name = Release;
		};
		8ECDF8FC2A2643EE002DBF12 /* Debug */ = {
			isa = XCBuildConfiguration;
			baseConfigurationReference = 77B9ADF893EA70A92D963ECD /* Pods-Flickr.debug.xcconfig */;
			buildSettings = {
				ASSETCATALOG_COMPILER_APPICON_NAME = AppIcon;
				ASSETCATALOG_COMPILER_GLOBAL_ACCENT_COLOR_NAME = AccentColor;
				CODE_SIGN_STYLE = Automatic;
				CURRENT_PROJECT_VERSION = 1;
				GENERATE_INFOPLIST_FILE = YES;
				INFOPLIST_FILE = Flickr/Info.plist;
				INFOPLIST_KEY_UIApplicationSupportsIndirectInputEvents = YES;
				INFOPLIST_KEY_UILaunchStoryboardName = LaunchScreen;
				INFOPLIST_KEY_UIMainStoryboardFile = Main;
				INFOPLIST_KEY_UISupportedInterfaceOrientations_iPad = "UIInterfaceOrientationPortrait UIInterfaceOrientationPortraitUpsideDown UIInterfaceOrientationLandscapeLeft UIInterfaceOrientationLandscapeRight";
				INFOPLIST_KEY_UISupportedInterfaceOrientations_iPhone = "UIInterfaceOrientationPortrait UIInterfaceOrientationLandscapeLeft UIInterfaceOrientationLandscapeRight";
				LD_RUNPATH_SEARCH_PATHS = (
					"$(inherited)",
					"@executable_path/Frameworks",
				);
				MARKETING_VERSION = 1.0;
				PRODUCT_BUNDLE_IDENTIFIER = arthurKulik.Flickr;
				PRODUCT_NAME = "$(TARGET_NAME)";
				SWIFT_EMIT_LOC_STRINGS = YES;
				SWIFT_VERSION = 5.0;
				TARGETED_DEVICE_FAMILY = "1,2";
			};
			name = Debug;
		};
		8ECDF8FD2A2643EE002DBF12 /* Release */ = {
			isa = XCBuildConfiguration;
			baseConfigurationReference = E68D6ADA318433C2B037A4C8 /* Pods-Flickr.release.xcconfig */;
			buildSettings = {
				ASSETCATALOG_COMPILER_APPICON_NAME = AppIcon;
				ASSETCATALOG_COMPILER_GLOBAL_ACCENT_COLOR_NAME = AccentColor;
				CODE_SIGN_STYLE = Automatic;
				CURRENT_PROJECT_VERSION = 1;
				GENERATE_INFOPLIST_FILE = YES;
				INFOPLIST_FILE = Flickr/Info.plist;
				INFOPLIST_KEY_UIApplicationSupportsIndirectInputEvents = YES;
				INFOPLIST_KEY_UILaunchStoryboardName = LaunchScreen;
				INFOPLIST_KEY_UIMainStoryboardFile = Main;
				INFOPLIST_KEY_UISupportedInterfaceOrientations_iPad = "UIInterfaceOrientationPortrait UIInterfaceOrientationPortraitUpsideDown UIInterfaceOrientationLandscapeLeft UIInterfaceOrientationLandscapeRight";
				INFOPLIST_KEY_UISupportedInterfaceOrientations_iPhone = "UIInterfaceOrientationPortrait UIInterfaceOrientationLandscapeLeft UIInterfaceOrientationLandscapeRight";
				LD_RUNPATH_SEARCH_PATHS = (
					"$(inherited)",
					"@executable_path/Frameworks",
				);
				MARKETING_VERSION = 1.0;
				PRODUCT_BUNDLE_IDENTIFIER = arthurKulik.Flickr;
				PRODUCT_NAME = "$(TARGET_NAME)";
				SWIFT_EMIT_LOC_STRINGS = YES;
				SWIFT_VERSION = 5.0;
				TARGETED_DEVICE_FAMILY = "1,2";
			};
			name = Release;
		};
/* End XCBuildConfiguration section */

/* Begin XCConfigurationList section */
		8ECDF8E22A2643EC002DBF12 /* Build configuration list for PBXProject "Flickr" */ = {
			isa = XCConfigurationList;
			buildConfigurations = (
				8ECDF8F92A2643EE002DBF12 /* Debug */,
				8ECDF8FA2A2643EE002DBF12 /* Release */,
			);
			defaultConfigurationIsVisible = 0;
			defaultConfigurationName = Release;
		};
		8ECDF8FB2A2643EE002DBF12 /* Build configuration list for PBXNativeTarget "Flickr" */ = {
			isa = XCConfigurationList;
			buildConfigurations = (
				8ECDF8FC2A2643EE002DBF12 /* Debug */,
				8ECDF8FD2A2643EE002DBF12 /* Release */,
			);
			defaultConfigurationIsVisible = 0;
			defaultConfigurationName = Release;
		};
/* End XCConfigurationList section */
	};
	rootObject = 8ECDF8DF2A2643EC002DBF12 /* Project object */;
}
